
Microsoft Visual Studio Solution File, Format Version 12.00
# Visual Studio Version 17
VisualStudioVersion = 17.9.34728.123
MinimumVisualStudioVersion = 10.0.40219.1
Project("{FAE04EC0-301F-11D3-BF4B-00C04F79EFBC}") = "ChessLogic", "ChessLogic\ChessLogic.csproj", "{F822D029-42C4-4E4D-9427-D7E3B0402C78}"
EndProject
Project("{FAE04EC0-301F-11D3-BF4B-00C04F79EFBC}") = "ChessUI", "ChessUI\ChessUI.csproj", "{AD891AEE-4FEC-42B3-9921-CAF85F79E862}"
EndProject
Global
	GlobalSection(SolutionConfigurationPlatforms) = preSolution
		Debug|Any CPU = Debug|Any CPU
		Release|Any CPU = Release|Any CPU
	EndGlobalSection
	GlobalSection(ProjectConfigurationPlatforms) = postSolution
		{F822D029-42C4-4E4D-9427-D7E3B0402C78}.Debug|Any CPU.ActiveCfg = Debug|Any CPU
		{F822D029-42C4-4E4D-9427-D7E3B0402C78}.Debug|Any CPU.Build.0 = Debug|Any CPU
		{F822D029-42C4-4E4D-9427-D7E3B0402C78}.Release|Any CPU.ActiveCfg = Release|Any CPU
		{F822D029-42C4-4E4D-9427-D7E3B0402C78}.Release|Any CPU.Build.0 = Release|Any CPU
		{AD891AEE-4FEC-42B3-9921-CAF85F79E862}.Debug|Any CPU.ActiveCfg = Debug|Any CPU
		{AD891AEE-4FEC-42B3-9921-CAF85F79E862}.Debug|Any CPU.Build.0 = Debug|Any CPU
		{AD891AEE-4FEC-42B3-9921-CAF85F79E862}.Release|Any CPU.ActiveCfg = Release|Any CPU
		{AD891AEE-4FEC-42B3-9921-CAF85F79E862}.Release|Any CPU.Build.0 = Release|Any CPU
	EndGlobalSection
	GlobalSection(SolutionProperties) = preSolution
		HideSolutionNode = FALSE
	EndGlobalSection
	GlobalSection(ExtensibilityGlobals) = postSolution
		SolutionGuid = {CFAB0F5E-24B0-4049-AAC2-9B1F4AAB2656}
	EndGlobalSection
EndGlobal
